
Microsoft Visual Studio Solution File, Format Version 12.00
# Visual Studio Version 17
VisualStudioVersion = 17.9.34902.65
MinimumVisualStudioVersion = 10.0.40219.1
Project("{FAE04EC0-301F-11D3-BF4B-00C04F79EFBC}") = "Projekt_Christ_Bestellungsliste", "Projekt_Christ_Bestellungsliste\Projekt_Christ_Bestellungsliste.csproj", "{C4A2C2A6-38D6-444F-B045-AEBF7A852234}"
EndProject
Global
	GlobalSection(SolutionConfigurationPlatforms) = preSolution
		Debug|Any CPU = Debug|Any CPU
		Release|Any CPU = Release|Any CPU
	EndGlobalSection
	GlobalSection(ProjectConfigurationPlatforms) = postSolution
		{C4A2C2A6-38D6-444F-B045-AEBF7A852234}.Debug|Any CPU.ActiveCfg = Debug|Any CPU
		{C4A2C2A6-38D6-444F-B045-AEBF7A852234}.Debug|Any CPU.Build.0 = Debug|Any CPU
		{C4A2C2A6-38D6-444F-B045-AEBF7A852234}.Release|Any CPU.ActiveCfg = Release|Any CPU
		{C4A2C2A6-38D6-444F-B045-AEBF7A852234}.Release|Any CPU.Build.0 = Release|Any CPU
	EndGlobalSection
	GlobalSection(SolutionProperties) = preSolution
		HideSolutionNode = FALSE
	EndGlobalSection
	GlobalSection(ExtensibilityGlobals) = postSolution
		SolutionGuid = {0C3436B9-2E53-4173-A9FB-537C00334355}
	EndGlobalSection
EndGlobal
